PODS:
  - PromiseKit (6.4.0):
    - PromiseKit/CorePromise (= 6.4.0)
    - PromiseKit/Foundation (= 6.4.0)
    - PromiseKit/UIKit (= 6.4.0)
  - PromiseKit/CorePromise (6.4.0)
  - PromiseKit/Foundation (6.4.0):
    - PromiseKit/CorePromise
  - PromiseKit/UIKit (6.4.0):
    - PromiseKit/CorePromise
  - SKSwiftLib (1.0.0)

DEPENDENCIES:
  - PromiseKit
  - SKSwiftLib (from `~/dev/ios/libs/SKSwiftLib`)

SPEC REPOS:
  https://github.com/cocoapods/specs.git:
    - PromiseKit

EXTERNAL SOURCES:
  SKSwiftLib:
    :path: "~/dev/ios/libs/SKSwiftLib"

SPEC CHECKSUMS:
  PromiseKit: ae3616f45d7bb9bf4ff1e91abc9b7a8c48a340e0
  SKSwiftLib: f986f6eaac1d30faccc50509ec83d7358f4567e0

PODFILE CHECKSUM: 6d5960af85cf89779d869b06ae4ef45aab2ab27d

COCOAPODS: 1.5.3
