// !$*UTF8*$!
{
	archiveVersion = 1;
	classes = {
	};
	objectVersion = 50;
	objects = {

/* Begin PBXBuildFile section */
		AD07C940EE61F38E50E2DE76 /* Pods_OpenTracker.framework in Frameworks */ = {isa = PBXBuildFile; fileRef = 8679E03645887D57084B8170 /* Pods_OpenTracker.framework */; };
		F4C3EDEFB050641C392168D9 /* Pods_OpenTrackerTests.framework in Frameworks */ = {isa = PBXBuildFile; fileRef = EF89E5471B59E3BB7DD8EEFE /* Pods_OpenTrackerTests.framework */; };
		FA1BC8F6216F1FC2000D7728 /* ServiceLocator.swift in Sources */ = {isa = PBXBuildFile; fileRef = FA1BC8F5216F1FC2000D7728 /* ServiceLocator.swift */; };
		FA1BC8F9216F20ED000D7728 /* HistoryViewController.swift in Sources */ = {isa = PBXBuildFile; fileRef = FA1BC8F7216F20ED000D7728 /* HistoryViewController.swift */; };
		FA1BC8FA216F20ED000D7728 /* HistoryViewController.xib in Resources */ = {isa = PBXBuildFile; fileRef = FA1BC8F8216F20ED000D7728 /* HistoryViewController.xib */; };
		FA1BC8FD216F210C000D7728 /* HistoryCell.swift in Sources */ = {isa = PBXBuildFile; fileRef = FA1BC8FB216F210C000D7728 /* HistoryCell.swift */; };
		FA1BC8FE216F210C000D7728 /* HistoryCell.xib in Resources */ = {isa = PBXBuildFile; fileRef = FA1BC8FC216F210C000D7728 /* HistoryCell.xib */; };
		FA49279C216E99F70071AA0E /* AppDelegate.swift in Sources */ = {isa = PBXBuildFile; fileRef = FA49279B216E99F70071AA0E /* AppDelegate.swift */; };
		FA49279E216E99F70071AA0E /* ViewController.swift in Sources */ = {isa = PBXBuildFile; fileRef = FA49279D216E99F70071AA0E /* ViewController.swift */; };
		FA4927A4216E99F70071AA0E /* OpenTracker.xcdatamodeld in Sources */ = {isa = PBXBuildFile; fileRef = FA4927A2216E99F70071AA0E /* OpenTracker.xcdatamodeld */; };
		FA4927A6216E99F70071AA0E /* Assets.xcassets in Resources */ = {isa = PBXBuildFile; fileRef = FA4927A5216E99F70071AA0E /* Assets.xcassets */; };
		FA4927A9216E99F70071AA0E /* LaunchScreen.storyboard in Resources */ = {isa = PBXBuildFile; fileRef = FA4927A7216E99F70071AA0E /* LaunchScreen.storyboard */; };
		FA4927B4216E99F80071AA0E /* OpenTrackerTests.swift in Sources */ = {isa = PBXBuildFile; fileRef = FA4927B3216E99F80071AA0E /* OpenTrackerTests.swift */; };
		FA77AD53216E9BF300515C3D /* DatabaseService.swift in Sources */ = {isa = PBXBuildFile; fileRef = FA77AD52216E9BF300515C3D /* DatabaseService.swift */; };
		FA77AD57216E9D4F00515C3D /* TrackLoc+CoreDataClass.swift in Sources */ = {isa = PBXBuildFile; fileRef = FA77AD55216E9D4F00515C3D /* TrackLoc+CoreDataClass.swift */; };
		FA77AD58216E9D4F00515C3D /* TrackLoc+CoreDataProperties.swift in Sources */ = {isa = PBXBuildFile; fileRef = FA77AD56216E9D4F00515C3D /* TrackLoc+CoreDataProperties.swift */; };
		FA77AD5A216E9E8A00515C3D /* LocationService.swift in Sources */ = {isa = PBXBuildFile; fileRef = FA77AD59216E9E8A00515C3D /* LocationService.swift */; };
		FA77AD5D216E9ECC00515C3D /* ValueCycler.swift in Sources */ = {isa = PBXBuildFile; fileRef = FA77AD5C216E9ECC00515C3D /* ValueCycler.swift */; };
		FA78D431216FE917006B43F8 /* FetchResultsChangeBehaviour.swift in Sources */ = {isa = PBXBuildFile; fileRef = FA78D430216FE917006B43F8 /* FetchResultsChangeBehaviour.swift */; };
		FA7AB281216EA83400E58ED0 /* HistoryService.swift in Sources */ = {isa = PBXBuildFile; fileRef = FA7AB280216EA83400E58ED0 /* HistoryService.swift */; };
/* End PBXBuildFile section */

/* Begin PBXContainerItemProxy section */
		FA4927B0216E99F80071AA0E /* PBXContainerItemProxy */ = {
			isa = PBXContainerItemProxy;
			containerPortal = FA492790216E99F70071AA0E /* Project object */;
			proxyType = 1;
			remoteGlobalIDString = FA492797216E99F70071AA0E;
			remoteInfo = OpenTracker;
		};
/* End PBXContainerItemProxy section */

/* Begin PBXFileReference section */
		2472FD8BD7EEE6AF1D7553AE /* Pods-OpenTracker.debug.xcconfig */ = {isa = PBXFileReference; includeInIndex = 1; lastKnownFileType = text.xcconfig; name = "Pods-OpenTracker.debug.xcconfig"; path = "Pods/Target Support Files/Pods-OpenTracker/Pods-OpenTracker.debug.xcconfig"; sourceTree = "<group>"; };
		3BB5A15566C173683FCAC5D1 /* Pods-OpenTrackerTests.debug.xcconfig */ = {isa = PBXFileReference; includeInIndex = 1; lastKnownFileType = text.xcconfig; name = "Pods-OpenTrackerTests.debug.xcconfig"; path = "Pods/Target Support Files/Pods-OpenTrackerTests/Pods-OpenTrackerTests.debug.xcconfig"; sourceTree = "<group>"; };
		74847002A63318B9E99333EB /* Pods-OpenTrackerTests.release.xcconfig */ = {isa = PBXFileReference; includeInIndex = 1; lastKnownFileType = text.xcconfig; name = "Pods-OpenTrackerTests.release.xcconfig"; path = "Pods/Target Support Files/Pods-OpenTrackerTests/Pods-OpenTrackerTests.release.xcconfig"; sourceTree = "<group>"; };
		863F6B669A207F51C2E20219 /* Pods-OpenTracker.release.xcconfig */ = {isa = PBXFileReference; includeInIndex = 1; lastKnownFileType = text.xcconfig; name = "Pods-OpenTracker.release.xcconfig"; path = "Pods/Target Support Files/Pods-OpenTracker/Pods-OpenTracker.release.xcconfig"; sourceTree = "<group>"; };
		8679E03645887D57084B8170 /* Pods_OpenTracker.framework */ = {isa = PBXFileReference; explicitFileType = wrapper.framework; includeInIndex = 0; path = Pods_OpenTracker.framework; sourceTree = BUILT_PRODUCTS_DIR; };
		EF89E5471B59E3BB7DD8EEFE /* Pods_OpenTrackerTests.framework */ = {isa = PBXFileReference; explicitFileType = wrapper.framework; includeInIndex = 0; path = Pods_OpenTrackerTests.framework; sourceTree = BUILT_PRODUCTS_DIR; };
		FA1BC8F5216F1FC2000D7728 /* ServiceLocator.swift */ = {isa = PBXFileReference; lastKnownFileType = sourcecode.swift; path = ServiceLocator.swift; sourceTree = "<group>"; };
		FA1BC8F7216F20ED000D7728 /* HistoryViewController.swift */ = {isa = PBXFileReference; lastKnownFileType = sourcecode.swift; path = HistoryViewController.swift; sourceTree = "<group>"; };
		FA1BC8F8216F20ED000D7728 /* HistoryViewController.xib */ = {isa = PBXFileReference; lastKnownFileType = file.xib; path = HistoryViewController.xib; sourceTree = "<group>"; };
		FA1BC8FB216F210C000D7728 /* HistoryCell.swift */ = {isa = PBXFileReference; lastKnownFileType = sourcecode.swift; path = HistoryCell.swift; sourceTree = "<group>"; };
		FA1BC8FC216F210C000D7728 /* HistoryCell.xib */ = {isa = PBXFileReference; lastKnownFileType = file.xib; path = HistoryCell.xib; sourceTree = "<group>"; };
		FA492798216E99F70071AA0E /* OpenTracker.app */ = {isa = PBXFileReference; explicitFileType = wrapper.application; includeInIndex = 0; path = OpenTracker.app; sourceTree = BUILT_PRODUCTS_DIR; };
		FA49279B216E99F70071AA0E /* AppDelegate.swift */ = {isa = PBXFileReference; lastKnownFileType = sourcecode.swift; path = AppDelegate.swift; sourceTree = "<group>"; };
		FA49279D216E99F70071AA0E /* ViewController.swift */ = {isa = PBXFileReference; lastKnownFileType = sourcecode.swift; path = ViewController.swift; sourceTree = "<group>"; };
		FA4927A3216E99F70071AA0E /* OpenTracker.xcdatamodel */ = {isa = PBXFileReference; lastKnownFileType = wrapper.xcdatamodel; path = OpenTracker.xcdatamodel; sourceTree = "<group>"; };
		FA4927A5216E99F70071AA0E /* Assets.xcassets */ = {isa = PBXFileReference; lastKnownFileType = folder.assetcatalog; path = Assets.xcassets; sourceTree = "<group>"; };
		FA4927A8216E99F70071AA0E /* Base */ = {isa = PBXFileReference; lastKnownFileType = file.storyboard; name = Base; path = Base.lproj/LaunchScreen.storyboard; sourceTree = "<group>"; };
		FA4927AA216E99F70071AA0E /* Info.plist */ = {isa = PBXFileReference; lastKnownFileType = text.plist.xml; path = Info.plist; sourceTree = "<group>"; };
		FA4927AF216E99F80071AA0E /* OpenTrackerTests.xctest */ = {isa = PBXFileReference; explicitFileType = wrapper.cfbundle; includeInIndex = 0; path = OpenTrackerTests.xctest; sourceTree = BUILT_PRODUCTS_DIR; };
		FA4927B3216E99F80071AA0E /* OpenTrackerTests.swift */ = {isa = PBXFileReference; lastKnownFileType = sourcecode.swift; path = OpenTrackerTests.swift; sourceTree = "<group>"; };
		FA4927B5216E99F80071AA0E /* Info.plist */ = {isa = PBXFileReference; lastKnownFileType = text.plist.xml; path = Info.plist; sourceTree = "<group>"; };
		FA77AD52216E9BF300515C3D /* DatabaseService.swift */ = {isa = PBXFileReference; lastKnownFileType = sourcecode.swift; path = DatabaseService.swift; sourceTree = "<group>"; };
		FA77AD55216E9D4F00515C3D /* TrackLoc+CoreDataClass.swift */ = {isa = PBXFileReference; lastKnownFileType = sourcecode.swift; path = "TrackLoc+CoreDataClass.swift"; sourceTree = "<group>"; };
		FA77AD56216E9D4F00515C3D /* TrackLoc+CoreDataProperties.swift */ = {isa = PBXFileReference; lastKnownFileType = sourcecode.swift; path = "TrackLoc+CoreDataProperties.swift"; sourceTree = "<group>"; };
		FA77AD59216E9E8A00515C3D /* LocationService.swift */ = {isa = PBXFileReference; fileEncoding = 4; lastKnownFileType = sourcecode.swift; path = LocationService.swift; sourceTree = "<group>"; };
		FA77AD5C216E9ECC00515C3D /* ValueCycler.swift */ = {isa = PBXFileReference; fileEncoding = 4; lastKnownFileType = sourcecode.swift; path = ValueCycler.swift; sourceTree = "<group>"; };
		FA78D430216FE917006B43F8 /* FetchResultsChangeBehaviour.swift */ = {isa = PBXFileReference; lastKnownFileType = sourcecode.swift; path = FetchResultsChangeBehaviour.swift; sourceTree = "<group>"; };
		FA7AB280216EA83400E58ED0 /* HistoryService.swift */ = {isa = PBXFileReference; fileEncoding = 4; lastKnownFileType = sourcecode.swift; path = HistoryService.swift; sourceTree = "<group>"; };
/* End PBXFileReference section */

/* Begin PBXFrameworksBuildPhase section */
		FA492795216E99F70071AA0E /* Frameworks */ = {
			isa = PBXFrameworksBuildPhase;
			buildActionMask = 2147483647;
			files = (
				AD07C940EE61F38E50E2DE76 /* Pods_OpenTracker.framework in Frameworks */,
			);
			runOnlyForDeploymentPostprocessing = 0;
		};
		FA4927AC216E99F80071AA0E /* Frameworks */ = {
			isa = PBXFrameworksBuildPhase;
			buildActionMask = 2147483647;
			files = (
				F4C3EDEFB050641C392168D9 /* Pods_OpenTrackerTests.framework in Frameworks */,
			);
			runOnlyForDeploymentPostprocessing = 0;
		};
/* End PBXFrameworksBuildPhase section */

/* Begin PBXGroup section */
		B5A7183970832C50CB1D686D /* Pods */ = {
			isa = PBXGroup;
			children = (
				2472FD8BD7EEE6AF1D7553AE /* Pods-OpenTracker.debug.xcconfig */,
				863F6B669A207F51C2E20219 /* Pods-OpenTracker.release.xcconfig */,
				3BB5A15566C173683FCAC5D1 /* Pods-OpenTrackerTests.debug.xcconfig */,
				74847002A63318B9E99333EB /* Pods-OpenTrackerTests.release.xcconfig */,
			);
			name = Pods;
			sourceTree = "<group>";
		};
		D5E3E34FEE2541FB6C5EDB39 /* Frameworks */ = {
			isa = PBXGroup;
			children = (
				8679E03645887D57084B8170 /* Pods_OpenTracker.framework */,
				EF89E5471B59E3BB7DD8EEFE /* Pods_OpenTrackerTests.framework */,
			);
			name = Frameworks;
			sourceTree = "<group>";
		};
		FA49278F216E99F70071AA0E = {
			isa = PBXGroup;
			children = (
				FA49279A216E99F70071AA0E /* OpenTracker */,
				FA4927B2216E99F80071AA0E /* OpenTrackerTests */,
				FA492799216E99F70071AA0E /* Products */,
				B5A7183970832C50CB1D686D /* Pods */,
				D5E3E34FEE2541FB6C5EDB39 /* Frameworks */,
			);
			sourceTree = "<group>";
		};
		FA492799216E99F70071AA0E /* Products */ = {
			isa = PBXGroup;
			children = (
				FA492798216E99F70071AA0E /* OpenTracker.app */,
				FA4927AF216E99F80071AA0E /* OpenTrackerTests.xctest */,
			);
			name = Products;
			sourceTree = "<group>";
		};
		FA49279A216E99F70071AA0E /* OpenTracker */ = {
			isa = PBXGroup;
			children = (
				FA78D42F216FE8F1006B43F8 /* behaviour */,
				FA77AD5B216E9ECC00515C3D /* util */,
				FA77AD50216E9BEB00515C3D /* models */,
				FA77AD51216E9BEB00515C3D /* services */,
				FA77AD4F216E9BEB00515C3D /* view controllers */,
				FA49279B216E99F70071AA0E /* AppDelegate.swift */,
				FA49279D216E99F70071AA0E /* ViewController.swift */,
				FA4927A5216E99F70071AA0E /* Assets.xcassets */,
				FA4927A7216E99F70071AA0E /* LaunchScreen.storyboard */,
				FA4927AA216E99F70071AA0E /* Info.plist */,
				FA4927A2216E99F70071AA0E /* OpenTracker.xcdatamodeld */,
			);
			path = OpenTracker;
			sourceTree = "<group>";
		};
		FA4927B2216E99F80071AA0E /* OpenTrackerTests */ = {
			isa = PBXGroup;
			children = (
				FA4927B3216E99F80071AA0E /* OpenTrackerTests.swift */,
				FA4927B5216E99F80071AA0E /* Info.plist */,
			);
			path = OpenTrackerTests;
			sourceTree = "<group>";
		};
		FA77AD4F216E9BEB00515C3D /* view controllers */ = {
			isa = PBXGroup;
			children = (
				FA1BC8F7216F20ED000D7728 /* HistoryViewController.swift */,
				FA1BC8F8216F20ED000D7728 /* HistoryViewController.xib */,
				FA1BC8FB216F210C000D7728 /* HistoryCell.swift */,
				FA1BC8FC216F210C000D7728 /* HistoryCell.xib */,
			);
			path = "view controllers";
			sourceTree = "<group>";
		};
		FA77AD50216E9BEB00515C3D /* models */ = {
			isa = PBXGroup;
			children = (
				FA77AD54216E9D3C00515C3D /* core data */,
			);
			path = models;
			sourceTree = "<group>";
		};
		FA77AD51216E9BEB00515C3D /* services */ = {
			isa = PBXGroup;
			children = (
				FA7AB280216EA83400E58ED0 /* HistoryService.swift */,
				FA77AD59216E9E8A00515C3D /* LocationService.swift */,
				FA77AD52216E9BF300515C3D /* DatabaseService.swift */,
				FA1BC8F5216F1FC2000D7728 /* ServiceLocator.swift */,
			);
			path = services;
			sourceTree = "<group>";
		};
		FA77AD54216E9D3C00515C3D /* core data */ = {
			isa = PBXGroup;
			children = (
				FA77AD55216E9D4F00515C3D /* TrackLoc+CoreDataClass.swift */,
				FA77AD56216E9D4F00515C3D /* TrackLoc+CoreDataProperties.swift */,
			);
			path = "core data";
			sourceTree = "<group>";
		};
		FA77AD5B216E9ECC00515C3D /* util */ = {
			isa = PBXGroup;
			children = (
				FA77AD5C216E9ECC00515C3D /* ValueCycler.swift */,
			);
			path = util;
			sourceTree = "<group>";
		};
		FA78D42F216FE8F1006B43F8 /* behaviour */ = {
			isa = PBXGroup;
			children = (
				FA78D430216FE917006B43F8 /* FetchResultsChangeBehaviour.swift */,
			);
			path = behaviour;
			sourceTree = "<group>";
		};
/* End PBXGroup section */

/* Begin PBXNativeTarget section */
		FA492797216E99F70071AA0E /* OpenTracker */ = {
			isa = PBXNativeTarget;
			buildConfigurationList = FA4927B8216E99F80071AA0E /* Build configuration list for PBXNativeTarget "OpenTracker" */;
			buildPhases = (
				6B638FE3B0EB4CF4142C840C /* [CP] Check Pods Manifest.lock */,
				FA492794216E99F70071AA0E /* Sources */,
				FA492795216E99F70071AA0E /* Frameworks */,
				FA492796216E99F70071AA0E /* Resources */,
				C7F03A64AEECA54E991F4171 /* [CP] Embed Pods Frameworks */,
			);
			buildRules = (
			);
			dependencies = (
			);
			name = OpenTracker;
			productName = OpenTracker;
			productReference = FA492798216E99F70071AA0E /* OpenTracker.app */;
			productType = "com.apple.product-type.application";
		};
		FA4927AE216E99F80071AA0E /* OpenTrackerTests */ = {
			isa = PBXNativeTarget;
			buildConfigurationList = FA4927BB216E99F80071AA0E /* Build configuration list for PBXNativeTarget "OpenTrackerTests" */;
			buildPhases = (
				D95CF29AF65A5A74F3694918 /* [CP] Check Pods Manifest.lock */,
				FA4927AB216E99F80071AA0E /* Sources */,
				FA4927AC216E99F80071AA0E /* Frameworks */,
				FA4927AD216E99F80071AA0E /* Resources */,
			);
			buildRules = (
			);
			dependencies = (
				FA4927B1216E99F80071AA0E /* PBXTargetDependency */,
			);
			name = OpenTrackerTests;
			productName = OpenTrackerTests;
			productReference = FA4927AF216E99F80071AA0E /* OpenTrackerTests.xctest */;
			productType = "com.apple.product-type.bundle.unit-test";
		};
/* End PBXNativeTarget section */

/* Begin PBXProject section */
		FA492790216E99F70071AA0E /* Project object */ = {
			isa = PBXProject;
			attributes = {
				LastSwiftUpdateCheck = 1000;
				LastUpgradeCheck = 1000;
				ORGANIZATIONNAME = "Alexander Skorulis";
				TargetAttributes = {
					FA492797216E99F70071AA0E = {
						CreatedOnToolsVersion = 10.0;
					};
					FA4927AE216E99F80071AA0E = {
						CreatedOnToolsVersion = 10.0;
						TestTargetID = FA492797216E99F70071AA0E;
					};
				};
			};
			buildConfigurationList = FA492793216E99F70071AA0E /* Build configuration list for PBXProject "OpenTracker" */;
			compatibilityVersion = "Xcode 9.3";
			developmentRegion = en;
			hasScannedForEncodings = 0;
			knownRegions = (
				en,
				Base,
			);
			mainGroup = FA49278F216E99F70071AA0E;
			productRefGroup = FA492799216E99F70071AA0E /* Products */;
			projectDirPath = "";
			projectRoot = "";
			targets = (
				FA492797216E99F70071AA0E /* OpenTracker */,
				FA4927AE216E99F80071AA0E /* OpenTrackerTests */,
			);
		};
/* End PBXProject section */

/* Begin PBXResourcesBuildPhase section */
		FA492796216E99F70071AA0E /* Resources */ = {
			isa = PBXResourcesBuildPhase;
			buildActionMask = 2147483647;
			files = (
				FA4927A9216E99F70071AA0E /* LaunchScreen.storyboard in Resources */,
				FA4927A6216E99F70071AA0E /* Assets.xcassets in Resources */,
				FA1BC8FE216F210C000D7728 /* HistoryCell.xib in Resources */,
				FA1BC8FA216F20ED000D7728 /* HistoryViewController.xib in Resources */,
			);
			runOnlyForDeploymentPostprocessing = 0;
		};
		FA4927AD216E99F80071AA0E /* Resources */ = {
			isa = PBXResourcesBuildPhase;
			buildActionMask = 2147483647;
			files = (
			);
			runOnlyForDeploymentPostprocessing = 0;
		};
/* End PBXResourcesBuildPhase section */

/* Begin PBXShellScriptBuildPhase section */
		6B638FE3B0EB4CF4142C840C /* [CP] Check Pods Manifest.lock */ = {
			isa = PBXShellScriptBuildPhase;
			buildActionMask = 2147483647;
			files = (
			);
			inputFileListPaths = (
			);
			inputPaths = (
				"${PODS_PODFILE_DIR_PATH}/Podfile.lock",
				"${PODS_ROOT}/Manifest.lock",
			);
			name = "[CP] Check Pods Manifest.lock";
			outputFileListPaths = (
			);
			outputPaths = (
				"$(DERIVED_FILE_DIR)/Pods-OpenTracker-checkManifestLockResult.txt",
			);
			runOnlyForDeploymentPostprocessing = 0;
			shellPath = /bin/sh;
			shellScript = "diff \"${PODS_PODFILE_DIR_PATH}/Podfile.lock\" \"${PODS_ROOT}/Manifest.lock\" > /dev/null\nif [ $? != 0 ] ; then\n    # print error to STDERR\n    echo \"error: The sandbox is not in sync with the Podfile.lock. Run 'pod install' or update your CocoaPods installation.\" >&2\n    exit 1\nfi\n# This output is used by Xcode 'outputs' to avoid re-running this script phase.\necho \"SUCCESS\" > \"${SCRIPT_OUTPUT_FILE_0}\"\n";
			showEnvVarsInLog = 0;
		};
		C7F03A64AEECA54E991F4171 /* [CP] Embed Pods Frameworks */ = {
			isa = PBXShellScriptBuildPhase;
			buildActionMask = 2147483647;
			files = (
			);
			inputFileListPaths = (
			);
			inputPaths = (
				"${SRCROOT}/Pods/Target Support Files/Pods-OpenTracker/Pods-OpenTracker-frameworks.sh",
				"${BUILT_PRODUCTS_DIR}/SKSwiftLib/SKSwiftLib.framework",
			);
			name = "[CP] Embed Pods Frameworks";
			outputFileListPaths = (
			);
			outputPaths = (
				"${TARGET_BUILD_DIR}/${FRAMEWORKS_FOLDER_PATH}/SKSwiftLib.framework",
			);
			runOnlyForDeploymentPostprocessing = 0;
			shellPath = /bin/sh;
			shellScript = "\"${SRCROOT}/Pods/Target Support Files/Pods-OpenTracker/Pods-OpenTracker-frameworks.sh\"\n";
			showEnvVarsInLog = 0;
		};
		D95CF29AF65A5A74F3694918 /* [CP] Check Pods Manifest.lock */ = {
			isa = PBXShellScriptBuildPhase;
			buildActionMask = 2147483647;
			files = (
			);
			inputFileListPaths = (
			);
			inputPaths = (
				"${PODS_PODFILE_DIR_PATH}/Podfile.lock",
				"${PODS_ROOT}/Manifest.lock",
			);
			name = "[CP] Check Pods Manifest.lock";
			outputFileListPaths = (
			);
			outputPaths = (
				"$(DERIVED_FILE_DIR)/Pods-OpenTrackerTests-checkManifestLockResult.txt",
			);
			runOnlyForDeploymentPostprocessing = 0;
			shellPath = /bin/sh;
			shellScript = "diff \"${PODS_PODFILE_DIR_PATH}/Podfile.lock\" \"${PODS_ROOT}/Manifest.lock\" > /dev/null\nif [ $? != 0 ] ; then\n    # print error to STDERR\n    echo \"error: The sandbox is not in sync with the Podfile.lock. Run 'pod install' or update your CocoaPods installation.\" >&2\n    exit 1\nfi\n# This output is used by Xcode 'outputs' to avoid re-running this script phase.\necho \"SUCCESS\" > \"${SCRIPT_OUTPUT_FILE_0}\"\n";
			showEnvVarsInLog = 0;
		};
/* End PBXShellScriptBuildPhase section */

/* Begin PBXSourcesBuildPhase section */
		FA492794216E99F70071AA0E /* Sources */ = {
			isa = PBXSourcesBuildPhase;
			buildActionMask = 2147483647;
			files = (
				FA78D431216FE917006B43F8 /* FetchResultsChangeBehaviour.swift in Sources */,
				FA77AD5A216E9E8A00515C3D /* LocationService.swift in Sources */,
				FA7AB281216EA83400E58ED0 /* HistoryService.swift in Sources */,
				FA77AD58216E9D4F00515C3D /* TrackLoc+CoreDataProperties.swift in Sources */,
				FA4927A4216E99F70071AA0E /* OpenTracker.xcdatamodeld in Sources */,
				FA77AD5D216E9ECC00515C3D /* ValueCycler.swift in Sources */,
				FA1BC8F9216F20ED000D7728 /* HistoryViewController.swift in Sources */,
				FA1BC8FD216F210C000D7728 /* HistoryCell.swift in Sources */,
				FA77AD57216E9D4F00515C3D /* TrackLoc+CoreDataClass.swift in Sources */,
				FA1BC8F6216F1FC2000D7728 /* ServiceLocator.swift in Sources */,
				FA49279E216E99F70071AA0E /* ViewController.swift in Sources */,
				FA77AD53216E9BF300515C3D /* DatabaseService.swift in Sources */,
				FA49279C216E99F70071AA0E /* AppDelegate.swift in Sources */,
			);
			runOnlyForDeploymentPostprocessing = 0;
		};
		FA4927AB216E99F80071AA0E /* Sources */ = {
			isa = PBXSourcesBuildPhase;
			buildActionMask = 2147483647;
			files = (
				FA4927B4216E99F80071AA0E /* OpenTrackerTests.swift in Sources */,
			);
			runOnlyForDeploymentPostprocessing = 0;
		};
/* End PBXSourcesBuildPhase section */

/* Begin PBXTargetDependency section */
		FA4927B1216E99F80071AA0E /* PBXTargetDependency */ = {
			isa = PBXTargetDependency;
			target = FA492797216E99F70071AA0E /* OpenTracker */;
			targetProxy = FA4927B0216E99F80071AA0E /* PBXContainerItemProxy */;
		};
/* End PBXTargetDependency section */

/* Begin PBXVariantGroup section */
		FA4927A7216E99F70071AA0E /* LaunchScreen.storyboard */ = {
			isa = PBXVariantGroup;
			children = (
				FA4927A8216E99F70071AA0E /* Base */,
			);
			name = LaunchScreen.storyboard;
			sourceTree = "<group>";
		};
/* End PBXVariantGroup section */

/* Begin XCBuildConfiguration section */
		FA4927B6216E99F80071AA0E /* Debug */ = {
			isa = XCBuildConfiguration;
			buildSettings = {
				ALWAYS_SEARCH_USER_PATHS = NO;
				CLANG_ANALYZER_NONNULL = YES;
				CLANG_ANALYZER_NUMBER_OBJECT_CONVERSION = YES_AGGRESSIVE;
				CLANG_CXX_LANGUAGE_STANDARD = "gnu++14";
				CLANG_CXX_LIBRARY = "libc++";
				CLANG_ENABLE_MODULES = YES;
				CLANG_ENABLE_OBJC_ARC = YES;
				CLANG_ENABLE_OBJC_WEAK = YES;
				CLANG_WARN_BLOCK_CAPTURE_AUTORELEASING = YES;
				CLANG_WARN_BOOL_CONVERSION = YES;
				CLANG_WARN_COMMA = YES;
				CLANG_WARN_CONSTANT_CONVERSION = YES;
				CLANG_WARN_DEPRECATED_OBJC_IMPLEMENTATIONS = YES;
				CLANG_WARN_DIRECT_OBJC_ISA_USAGE = YES_ERROR;
				CLANG_WARN_DOCUMENTATION_COMMENTS = YES;
				CLANG_WARN_EMPTY_BODY = YES;
				CLANG_WARN_ENUM_CONVERSION = YES;
				CLANG_WARN_INFINITE_RECURSION = YES;
				CLANG_WARN_INT_CONVERSION = YES;
				CLANG_WARN_NON_LITERAL_NULL_CONVERSION = YES;
				CLANG_WARN_OBJC_IMPLICIT_RETAIN_SELF = YES;
				CLANG_WARN_OBJC_LITERAL_CONVERSION = YES;
				CLANG_WARN_OBJC_ROOT_CLASS = YES_ERROR;
				CLANG_WARN_RANGE_LOOP_ANALYSIS = YES;
				CLANG_WARN_STRICT_PROTOTYPES = YES;
				CLANG_WARN_SUSPICIOUS_MOVE = YES;
				CLANG_WARN_UNGUARDED_AVAILABILITY = YES_AGGRESSIVE;
				CLANG_WARN_UNREACHABLE_CODE = YES;
				CLANG_WARN__DUPLICATE_METHOD_MATCH = YES;
				CODE_SIGN_IDENTITY = "iPhone Developer";
				COPY_PHASE_STRIP = NO;
				DEBUG_INFORMATION_FORMAT = dwarf;
				ENABLE_STRICT_OBJC_MSGSEND = YES;
				ENABLE_TESTABILITY = YES;
				GCC_C_LANGUAGE_STANDARD = gnu11;
				GCC_DYNAMIC_NO_PIC = NO;
				GCC_NO_COMMON_BLOCKS = YES;
				GCC_OPTIMIZATION_LEVEL = 0;
				GCC_PREPROCESSOR_DEFINITIONS = (
					"DEBUG=1",
					"$(inherited)",
				);
				GCC_WARN_64_TO_32_BIT_CONVERSION = YES;
				GCC_WARN_ABOUT_RETURN_TYPE = YES_ERROR;
				GCC_WARN_UNDECLARED_SELECTOR = YES;
				GCC_WARN_UNINITIALIZED_AUTOS = YES_AGGRESSIVE;
				GCC_WARN_UNUSED_FUNCTION = YES;
				GCC_WARN_UNUSED_VARIABLE = YES;
				IPHONEOS_DEPLOYMENT_TARGET = 12.0;
				MTL_ENABLE_DEBUG_INFO = INCLUDE_SOURCE;
				MTL_FAST_MATH = YES;
				ONLY_ACTIVE_ARCH = YES;
				SDKROOT = iphoneos;
				SWIFT_ACTIVE_COMPILATION_CONDITIONS = DEBUG;
				SWIFT_OPTIMIZATION_LEVEL = "-Onone";
			};
			name = Debug;
		};
		FA4927B7216E99F80071AA0E /* Release */ = {
			isa = XCBuildConfiguration;
			buildSettings = {
				ALWAYS_SEARCH_USER_PATHS = NO;
				CLANG_ANALYZER_NONNULL = YES;
				CLANG_ANALYZER_NUMBER_OBJECT_CONVERSION = YES_AGGRESSIVE;
				CLANG_CXX_LANGUAGE_STANDARD = "gnu++14";
				CLANG_CXX_LIBRARY = "libc++";
				CLANG_ENABLE_MODULES = YES;
				CLANG_ENABLE_OBJC_ARC = YES;
				CLANG_ENABLE_OBJC_WEAK = YES;
				CLANG_WARN_BLOCK_CAPTURE_AUTORELEASING = YES;
				CLANG_WARN_BOOL_CONVERSION = YES;
				CLANG_WARN_COMMA = YES;
				CLANG_WARN_CONSTANT_CONVERSION = YES;
				CLANG_WARN_DEPRECATED_OBJC_IMPLEMENTATIONS = YES;
				CLANG_WARN_DIRECT_OBJC_ISA_USAGE = YES_ERROR;
				CLANG_WARN_DOCUMENTATION_COMMENTS = YES;
				CLANG_WARN_EMPTY_BODY = YES;
				CLANG_WARN_ENUM_CONVERSION = YES;
				CLANG_WARN_INFINITE_RECURSION = YES;
				CLANG_WARN_INT_CONVERSION = YES;
				CLANG_WARN_NON_LITERAL_NULL_CONVERSION = YES;
				CLANG_WARN_OBJC_IMPLICIT_RETAIN_SELF = YES;
				CLANG_WARN_OBJC_LITERAL_CONVERSION = YES;
				CLANG_WARN_OBJC_ROOT_CLASS = YES_ERROR;
				CLANG_WARN_RANGE_LOOP_ANALYSIS = YES;
				CLANG_WARN_STRICT_PROTOTYPES = YES;
				CLANG_WARN_SUSPICIOUS_MOVE = YES;
				CLANG_WARN_UNGUARDED_AVAILABILITY = YES_AGGRESSIVE;
				CLANG_WARN_UNREACHABLE_CODE = YES;
				CLANG_WARN__DUPLICATE_METHOD_MATCH = YES;
				CODE_SIGN_IDENTITY = "iPhone Developer";
				COPY_PHASE_STRIP = NO;
				DEBUG_INFORMATION_FORMAT = "dwarf-with-dsym";
				ENABLE_NS_ASSERTIONS = NO;
				ENABLE_STRICT_OBJC_MSGSEND = YES;
				GCC_C_LANGUAGE_STANDARD = gnu11;
				GCC_NO_COMMON_BLOCKS = YES;
				GCC_WARN_64_TO_32_BIT_CONVERSION = YES;
				GCC_WARN_ABOUT_RETURN_TYPE = YES_ERROR;
				GCC_WARN_UNDECLARED_SELECTOR = YES;
				GCC_WARN_UNINITIALIZED_AUTOS = YES_AGGRESSIVE;
				GCC_WARN_UNUSED_FUNCTION = YES;
				GCC_WARN_UNUSED_VARIABLE = YES;
				IPHONEOS_DEPLOYMENT_TARGET = 12.0;
				MTL_ENABLE_DEBUG_INFO = NO;
				MTL_FAST_MATH = YES;
				SDKROOT = iphoneos;
				SWIFT_COMPILATION_MODE = wholemodule;
				SWIFT_OPTIMIZATION_LEVEL = "-O";
				VALIDATE_PRODUCT = YES;
			};
			name = Release;
		};
		FA4927B9216E99F80071AA0E /* Debug */ = {
			isa = XCBuildConfiguration;
			baseConfigurationReference = 2472FD8BD7EEE6AF1D7553AE /* Pods-OpenTracker.debug.xcconfig */;
			buildSettings = {
				ASSETCATALOG_COMPILER_APPICON_NAME = AppIcon;
				CODE_SIGN_STYLE = Automatic;
				DEVELOPMENT_TEAM = X4S6MUZL2D;
				INFOPLIST_FILE = OpenTracker/Info.plist;
				LD_RUNPATH_SEARCH_PATHS = (
					"$(inherited)",
					"@executable_path/Frameworks",
				);
				PRODUCT_BUNDLE_IDENTIFIER = com.skorulis.OpenTracker;
				PRODUCT_NAME = "$(TARGET_NAME)";
				SWIFT_VERSION = 4.2;
				TARGETED_DEVICE_FAMILY = "1,2";
			};
			name = Debug;
		};
		FA4927BA216E99F80071AA0E /* Release */ = {
			isa = XCBuildConfiguration;
			baseConfigurationReference = 863F6B669A207F51C2E20219 /* Pods-OpenTracker.release.xcconfig */;
			buildSettings = {
				ASSETCATALOG_COMPILER_APPICON_NAME = AppIcon;
				CODE_SIGN_STYLE = Automatic;
				DEVELOPMENT_TEAM = X4S6MUZL2D;
				INFOPLIST_FILE = OpenTracker/Info.plist;
				LD_RUNPATH_SEARCH_PATHS = (
					"$(inherited)",
					"@executable_path/Frameworks",
				);
				PRODUCT_BUNDLE_IDENTIFIER = com.skorulis.OpenTracker;
				PRODUCT_NAME = "$(TARGET_NAME)";
				SWIFT_VERSION = 4.2;
				TARGETED_DEVICE_FAMILY = "1,2";
			};
			name = Release;
		};
		FA4927BC216E99F80071AA0E /* Debug */ = {
			isa = XCBuildConfiguration;
			baseConfigurationReference = 3BB5A15566C173683FCAC5D1 /* Pods-OpenTrackerTests.debug.xcconfig */;
			buildSettings = {
				ALWAYS_EMBED_SWIFT_STANDARD_LIBRARIES = YES;
				BUNDLE_LOADER = "$(TEST_HOST)";
				CODE_SIGN_STYLE = Automatic;
				DEVELOPMENT_TEAM = X4S6MUZL2D;
				INFOPLIST_FILE = OpenTrackerTests/Info.plist;
				LD_RUNPATH_SEARCH_PATHS = (
					"$(inherited)",
					"@executable_path/Frameworks",
					"@loader_path/Frameworks",
				);
				PRODUCT_BUNDLE_IDENTIFIER = com.skorulis.OpenTrackerTests;
				PRODUCT_NAME = "$(TARGET_NAME)";
				SWIFT_VERSION = 4.2;
				TARGETED_DEVICE_FAMILY = "1,2";
				TEST_HOST = "$(BUILT_PRODUCTS_DIR)/OpenTracker.app/OpenTracker";
			};
			name = Debug;
		};
		FA4927BD216E99F80071AA0E /* Release */ = {
			isa = XCBuildConfiguration;
			baseConfigurationReference = 74847002A63318B9E99333EB /* Pods-OpenTrackerTests.release.xcconfig */;
			buildSettings = {
				ALWAYS_EMBED_SWIFT_STANDARD_LIBRARIES = YES;
				BUNDLE_LOADER = "$(TEST_HOST)";
				CODE_SIGN_STYLE = Automatic;
				DEVELOPMENT_TEAM = X4S6MUZL2D;
				INFOPLIST_FILE = OpenTrackerTests/Info.plist;
				LD_RUNPATH_SEARCH_PATHS = (
					"$(inherited)",
					"@executable_path/Frameworks",
					"@loader_path/Frameworks",
				);
				PRODUCT_BUNDLE_IDENTIFIER = com.skorulis.OpenTrackerTests;
				PRODUCT_NAME = "$(TARGET_NAME)";
				SWIFT_VERSION = 4.2;
				TARGETED_DEVICE_FAMILY = "1,2";
				TEST_HOST = "$(BUILT_PRODUCTS_DIR)/OpenTracker.app/OpenTracker";
			};
			name = Release;
		};
/* End XCBuildConfiguration section */

/* Begin XCConfigurationList section */
		FA492793216E99F70071AA0E /* Build configuration list for PBXProject "OpenTracker" */ = {
			isa = XCConfigurationList;
			buildConfigurations = (
				FA4927B6216E99F80071AA0E /* Debug */,
				FA4927B7216E99F80071AA0E /* Release */,
			);
			defaultConfigurationIsVisible = 0;
			defaultConfigurationName = Release;
		};
		FA4927B8216E99F80071AA0E /* Build configuration list for PBXNativeTarget "OpenTracker" */ = {
			isa = XCConfigurationList;
			buildConfigurations = (
				FA4927B9216E99F80071AA0E /* Debug */,
				FA4927BA216E99F80071AA0E /* Release */,
			);
			defaultConfigurationIsVisible = 0;
			defaultConfigurationName = Release;
		};
		FA4927BB216E99F80071AA0E /* Build configuration list for PBXNativeTarget "OpenTrackerTests" */ = {
			isa = XCConfigurationList;
			buildConfigurations = (
				FA4927BC216E99F80071AA0E /* Debug */,
				FA4927BD216E99F80071AA0E /* Release */,
			);
			defaultConfigurationIsVisible = 0;
			defaultConfigurationName = Release;
		};
/* End XCConfigurationList section */

/* Begin XCVersionGroup section */
		FA4927A2216E99F70071AA0E /* OpenTracker.xcdatamodeld */ = {
			isa = XCVersionGroup;
			children = (
				FA4927A3216E99F70071AA0E /* OpenTracker.xcdatamodel */,
			);
			currentVersion = FA4927A3216E99F70071AA0E /* OpenTracker.xcdatamodel */;
			path = OpenTracker.xcdatamodeld;
			sourceTree = "<group>";
			versionGroupType = wrapper.xcdatamodel;
		};
/* End XCVersionGroup section */
	};
	rootObject = FA492790216E99F70071AA0E /* Project object */;
}
